
Microsoft Visual Studio Solution File, Format Version 12.00
# Visual Studio 15
VisualStudioVersion = 15.0.28307.1062
MinimumVisualStudioVersion = 10.0.40219.1
Project("{8BC9CEB8-8B4A-11D0-8D11-00A0C91BC942}") = "GLScene", "GLScene\GLScene.vcxproj", "{F619134E-2D4B-4A87-B5FF-7BA8E741B320}"
EndProject
Global
	GlobalSection(SolutionConfigurationPlatforms) = preSolution
		Debug|x64 = Debug|x64
		Debug|x86 = Debug|x86
		Release|x64 = Release|x64
		Release|x86 = Release|x86
	EndGlobalSection
	GlobalSection(ProjectConfigurationPlatforms) = postSolution
		{F619134E-2D4B-4A87-B5FF-7BA8E741B320}.Debug|x64.ActiveCfg = Debug|x64
		{F619134E-2D4B-4A87-B5FF-7BA8E741B320}.Debug|x64.Build.0 = Debug|x64
		{F619134E-2D4B-4A87-B5FF-7BA8E741B320}.Debug|x86.ActiveCfg = Debug|Win32
		{F619134E-2D4B-4A87-B5FF-7BA8E741B320}.Debug|x86.Build.0 = Debug|Win32
		{F619134E-2D4B-4A87-B5FF-7BA8E741B320}.Release|x64.ActiveCfg = Release|x64
		{F619134E-2D4B-4A87-B5FF-7BA8E741B320}.Release|x64.Build.0 = Release|x64
		{F619134E-2D4B-4A87-B5FF-7BA8E741B320}.Release|x86.ActiveCfg = Release|Win32
		{F619134E-2D4B-4A87-B5FF-7BA8E741B320}.Release|x86.Build.0 = Release|Win32
	EndGlobalSection
	GlobalSection(SolutionProperties) = preSolution
		HideSolutionNode = FALSE
	EndGlobalSection
	GlobalSection(ExtensibilityGlobals) = postSolution
		SolutionGuid = {C659540D-23E3-4357-8C8E-5EB4ECC27FB4}
	EndGlobalSection
EndGlobal
